
Microsoft Visual Studio Solution File, Format Version 12.00
# Visual Studio Version 17
VisualStudioVersion = 17.1.32421.90
MinimumVisualStudioVersion = 10.0.40219.1
Project("{FAE04EC0-301F-11D3-BF4B-00C04F79EFBC}") = "MissyMenuWeb", "MissyMenuWeb.csproj", "{A6CC63CA-35DF-4BCD-83A5-94266A9969DB}"
EndProject
Global
	GlobalSection(SolutionConfigurationPlatforms) = preSolution
		Debug|Any CPU = Debug|Any CPU
		Release|Any CPU = Release|Any CPU
	EndGlobalSection
	GlobalSection(ProjectConfigurationPlatforms) = postSolution
		{A6CC63CA-35DF-4BCD-83A5-94266A9969DB}.Debug|Any CPU.ActiveCfg = Debug|Any CPU
		{A6CC63CA-35DF-4BCD-83A5-94266A9969DB}.Debug|Any CPU.Build.0 = Debug|Any CPU
		{A6CC63CA-35DF-4BCD-83A5-94266A9969DB}.Release|Any CPU.ActiveCfg = Release|Any CPU
		{A6CC63CA-35DF-4BCD-83A5-94266A9969DB}.Release|Any CPU.Build.0 = Release|Any CPU
	EndGlobalSection
	GlobalSection(SolutionProperties) = preSolution
		HideSolutionNode = FALSE
	EndGlobalSection
	GlobalSection(ExtensibilityGlobals) = postSolution
		SolutionGuid = {F1E8FBA8-626C-47FE-8FA9-D532B542CB85}
	EndGlobalSection
EndGlobal
